
Microsoft Visual Studio Solution File, Format Version 12.00
# Visual Studio Version 17
VisualStudioVersion = 17.10.34928.147
MinimumVisualStudioVersion = 10.0.40219.1
Project("{FAE04EC0-301F-11D3-BF4B-00C04F79EFBC}") = "StudentMS.Web", "StudentMS.Web\StudentMS.Web.csproj", "{A505D3FC-87A1-41A7-A058-8A5482422E04}"
EndProject
Global
	GlobalSection(SolutionConfigurationPlatforms) = preSolution
		Debug|Any CPU = Debug|Any CPU
		Release|Any CPU = Release|Any CPU
	EndGlobalSection
	GlobalSection(ProjectConfigurationPlatforms) = postSolution
		{A505D3FC-87A1-41A7-A058-8A5482422E04}.Debug|Any CPU.ActiveCfg = Debug|Any CPU
		{A505D3FC-87A1-41A7-A058-8A5482422E04}.Debug|Any CPU.Build.0 = Debug|Any CPU
		{A505D3FC-87A1-41A7-A058-8A5482422E04}.Release|Any CPU.ActiveCfg = Release|Any CPU
		{A505D3FC-87A1-41A7-A058-8A5482422E04}.Release|Any CPU.Build.0 = Release|Any CPU
	EndGlobalSection
	GlobalSection(SolutionProperties) = preSolution
		HideSolutionNode = FALSE
	EndGlobalSection
	GlobalSection(ExtensibilityGlobals) = postSolution
		SolutionGuid = {EB870A5B-5F25-4D80-9977-06B87AF31DAD}
	EndGlobalSection
EndGlobal
